PODS:
  - AFNetworking (3.2.1):
    - AFNetworking/NSURLSession (= 3.2.1)
    - AFNetworking/Reachability (= 3.2.1)
    - AFNetworking/Security (= 3.2.1)
    - AFNetworking/Serialization (= 3.2.1)
    - AFNetworking/UIKit (= 3.2.1)
  - AFNetworking/NSURLSession (3.2.1):
    - AFNetworking/Reachability
    - AFNetworking/Security
    - AFNetworking/Serialization
  - AFNetworking/Reachability (3.2.1)
  - AFNetworking/Security (3.2.1)
  - AFNetworking/Serialization (3.2.1)
  - AFNetworking/UIKit (3.2.1):
    - AFNetworking/NSURLSession
  - HHTransition (1.2.0)
  - SDWebImage (5.0.4):
    - SDWebImage/Core (= 5.0.4)
  - SDWebImage/Core (5.0.4)
  - WRNavigationBar (1.2.0)

DEPENDENCIES:
  - AFNetworking (~> 3.2.1)
  - HHTransition (~> 1.0)
  - SDWebImage
  - WRNavigationBar (~> 1.2.0)

SPEC REPOS:
  https://github.com/CocoaPods/Specs.git:
    - AFNetworking
    - HHTransition
    - SDWebImage
    - WRNavigationBar

SPEC CHECKSUMS:
  AFNetworking: b6f891fdfaed196b46c7a83cf209e09697b94057
  HHTransition: 35c278fbe8374cdf0931a805aef066d52256a897
  SDWebImage: c739016e4bdf0a4a1f9a04b5e0385395ad63a282
  WRNavigationBar: dc952230effbb646785f962587caaac06c60f229

PODFILE CHECKSUM: 4c62a52ec34a1b79edad5b8cd47e7c74cd432ed3

COCOAPODS: 1.10.2
